version = 1
revision = 3
requires-python = ">=3.13"

[[package]]
name = "beautifulsoup4"
version = "4.13.3"
source = { registry = "https://pypi.org/simple" }
dependencies = [
    { name = "soupsieve" },
    { name = "typing-extensions" },
]
sdist = { url = "https://files.pythonhosted.org/packages/f0/3c/adaf39ce1fb4afdd21b611e3d530b183bb7759c9b673d60db0e347fd4439/beautifulsoup4-4.13.3.tar.gz", hash = "sha256:1bd32405dacc920b42b83ba01644747ed77456a65760e285fbc47633ceddaf8b", size = 619516, upload-time = "2025-02-04T20:05:01.681Z" }
wheels = [
    { url = "https://files.pythonhosted.org/packages/f9/49/6abb616eb3cbab6a7cca303dc02fdf3836de2e0b834bf966a7f5271a34d8/beautifulsoup4-4.13.3-py3-none-any.whl", hash = "sha256:99045d7d3f08f91f0d656bc9b7efbae189426cd913d830294a15eefa0ea4df16", size = 186015, upload-time = "2025-02-04T20:05:03.729Z" },
]

[[package]]
name = "certifi"
version = "2025.1.31"
source = { registry = "https://pypi.org/simple" }
sdist = { url = "https://files.pythonhosted.org/packages/1c/ab/c9f1e32b7b1bf505bf26f0ef697775960db7932abeb7b516de930ba2705f/certifi-2025.1.31.tar.gz", hash = "sha256:3d5da6925056f6f18f119200434a4780a94263f10d1c21d032a6f6b2baa20651", size = 167577, upload-time = "2025-01-31T02:16:47.166Z" }
wheels = [
    { url = "https://files.pythonhosted.org/packages/38/fc/bce832fd4fd99766c04d1ee0eead6b0ec6486fb100ae5e74c1d91292b982/certifi-2025.1.31-py3-none-any.whl", hash = "sha256:ca78db4565a652026a4db2bcdf68f2fb589ea80d0be70e03929ed730746b84fe", size = 166393, upload-time = "2025-01-31T02:16:45.015Z" },
]

[[package]]
name = "charset-normalizer"
version = "3.4.1"
source = { registry = "https://pypi.org/simple" }
sdist = { url = "https://files.pythonhosted.org/packages/16/b0/572805e227f01586461c80e0fd25d65a2115599cc9dad142fee4b747c357/charset_normalizer-3.4.1.tar.gz", hash = "sha256:44251f18cd68a75b56585dd00dae26183e102cd5e0f9f1466e6df5da2ed64ea3", size = 123188, upload-time = "2024-12-24T18:12:35.43Z" }
wheels = [
    { url = "https://files.pythonhosted.org/packages/38/94/ce8e6f63d18049672c76d07d119304e1e2d7c6098f0841b51c666e9f44a0/charset_normalizer-3.4.1-cp313-cp313-macosx_10_13_universal2.whl", hash = "sha256:aabfa34badd18f1da5ec1bc2715cadc8dca465868a4e73a0173466b688f29dda", size = 195698, upload-time = "2024-12-24T18:11:05.834Z" },
    { url = "https://files.pythonhosted.org/packages/24/2e/dfdd9770664aae179a96561cc6952ff08f9a8cd09a908f259a9dfa063568/charset_normalizer-3.4.1-cp313-cp313-manylinux_2_17_aarch64.manylinux2014_aarch64.whl", hash = "sha256:22e14b5d70560b8dd51ec22863f370d1e595ac3d024cb8ad7d308b4cd95f8313", size = 140162, upload-time = "2024-12-24T18:11:07.064Z" },
    { url = "https://files.pythonhosted.org/packages/24/4e/f646b9093cff8fc86f2d60af2de4dc17c759de9d554f130b140ea4738ca6/charset_normalizer-3.4.1-cp313-cp313-manylinux_2_17_ppc64le.manylinux2014_ppc64le.whl", hash = "sha256:8436c508b408b82d87dc5f62496973a1805cd46727c34440b0d29d8a2f50a6c9", size = 150263, upload-time = "2024-12-24T18:11:08.374Z" },
    { url = "https://files.pythonhosted.org/packages/5e/67/2937f8d548c3ef6e2f9aab0f6e21001056f692d43282b165e7c56023e6dd/charset_normalizer-3.4.1-cp313-cp313-manylinux_2_17_s390x.manylinux2014_s390x.whl", hash = "sha256:2d074908e1aecee37a7635990b2c6d504cd4766c7bc9fc86d63f9c09af3fa11b", size = 142966, upload-time = "2024-12-24T18:11:09.831Z" },
    { url = "https://files.pythonhosted.org/packages/52/ed/b7f4f07de100bdb95c1756d3a4d17b90c1a3c53715c1a476f8738058e0fa/charset_normalizer-3.4.1-cp313-cp313-manylinux_2_17_x86_64.manylinux2014_x86_64.whl", hash = "sha256:955f8851919303c92343d2f66165294848d57e9bba6cf6e3625485a70a038d11", size = 144992, upload-time = "2024-12-24T18:11:12.03Z" },
    { url = "https://files.pythonhosted.org/packages/96/2c/d49710a6dbcd3776265f4c923bb73ebe83933dfbaa841c5da850fe0fd20b/charset_normalizer-3.4.1-cp313-cp313-manylinux_2_5_i686.manylinux1_i686.manylinux_2_17_i686.manylinux2014_i686.whl", hash = "sha256:44ecbf16649486d4aebafeaa7ec4c9fed8b88101f4dd612dcaf65d5e815f837f", size = 147162, upload-time = "2024-12-24T18:11:13.372Z" },
    { url = "https://files.pythonhosted.org/packages/b4/41/35ff1f9a6bd380303dea55e44c4933b4cc3c4850988927d4082ada230273/charset_normalizer-3.4.1-cp313-cp313-musllinux_1_2_aarch64.whl", hash = "sha256:0924e81d3d5e70f8126529951dac65c1010cdf117bb75eb02dd12339b57749dd", size = 140972, upload-time = "2024-12-24T18:11:14.628Z" },
    { url = "https://files.pythonhosted.org/packages/fb/43/c6a0b685fe6910d08ba971f62cd9c3e862a85770395ba5d9cad4fede33ab/charset_normalizer-3.4.1-cp313-cp313-musllinux_1_2_i686.whl", hash = "sha256:2967f74ad52c3b98de4c3b32e1a44e32975e008a9cd2a8cc8966d6a5218c5cb2", size = 149095, upload-time = "2024-12-24T18:11:17.672Z" },
    { url = "https://files.pythonhosted.org/packages/4c/ff/a9a504662452e2d2878512115638966e75633519ec11f25fca3d2049a94a/charset_normalizer-3.4.1-cp313-cp313-musllinux_1_2_ppc64le.whl", hash = "sha256:c75cb2a3e389853835e84a2d8fb2b81a10645b503eca9bcb98df6b5a43eb8886", size = 152668, upload-time = "2024-12-24T18:11:18.989Z" },
    { url = "https://files.pythonhosted.org/packages/6c/71/189996b6d9a4b932564701628af5cee6716733e9165af1d5e1b285c530ed/charset_normalizer-3.4.1-cp313-cp313-musllinux_1_2_s390x.whl", hash = "sha256:09b26ae6b1abf0d27570633b2b078a2a20419c99d66fb2823173d73f188ce601", size = 150073, upload-time = "2024-12-24T18:11:21.507Z" },
    { url = "https://files.pythonhosted.org/packages/e4/93/946a86ce20790e11312c87c75ba68d5f6ad2208cfb52b2d6a2c32840d922/charset_normalizer-3.4.1-cp313-cp313-musllinux_1_2_x86_64.whl", hash = "sha256:fa88b843d6e211393a37219e6a1c1df99d35e8fd90446f1118f4216e307e48cd", size = 145732, upload-time = "2024-12-24T18:11:22.774Z" },
    { url = "https://files.pythonhosted.org/packages/cd/e5/131d2fb1b0dddafc37be4f3a2fa79aa4c037368be9423061dccadfd90091/charset_normalizer-3.4.1-cp313-cp313-win32.whl", hash = "sha256:eb8178fe3dba6450a3e024e95ac49ed3400e506fd4e9e5c32d30adda88cbd407", size = 95391, upload-time = "2024-12-24T18:11:24.139Z" },
    { url = "https://files.pythonhosted.org/packages/27/f2/4f9a69cc7712b9b5ad8fdb87039fd89abba997ad5cbe690d1835d40405b0/charset_normalizer-3.4.1-cp313-cp313-win_amd64.whl", hash = "sha256:b1ac5992a838106edb89654e0aebfc24f5848ae2547d22c2c3f66454daa11971", size = 102702, upload-time = "2024-12-24T18:11:26.535Z" },
    { url = "https://files.pythonhosted.org/packages/0e/f6/65ecc6878a89bb1c23a086ea335ad4bf21a588990c3f535a227b9eea9108/charset_normalizer-3.4.1-py3-none-any.whl", hash = "sha256:d98b1668f06378c6dbefec3b92299716b931cd4e6061f3c875a71ced1780ab85", size = 49767, upload-time = "2024-12-24T18:12:32.852Z" },
]

[[package]]
name = "idna"
version = "3.10"
source = { registry = "https://pypi.org/simple" }
sdist = { url = "https://files.pythonhosted.org/packages/f1/70/7703c29685631f5a7590aa73f1f1d3fa9a380e654b86af429e0934a32f7d/idna-3.10.tar.gz", hash = "sha256:12f65c9b470abda6dc35cf8e63cc574b1c52b11df2c86030af0ac09b01b13ea9", size = 190490, upload-time = "2024-09-15T18:07:39.745Z" }
wheels = [
    { url = "https://files.pythonhosted.org/packages/76/c6/c88e154df9c4e1a2a66ccf0005a88dfb2650c1dffb6f5ce603dfbd452ce3/idna-3.10-py3-none-any.whl", hash = "sha256:946d195a0d259cbba61165e88e65941f16e9b36ea6ddb97f00452bae8b1287d3", size = 70442, upload-time = "2024-09-15T18:07:37.964Z" },
]

[[package]]
name = "mypy"
version = "1.18.2"
source = { registry = "https://pypi.org/simple" }
dependencies = [
    { name = "mypy-extensions" },
    { name = "pathspec" },
    { name = "typing-extensions" },
]
sdist = { url = "https://files.pythonhosted.org/packages/c0/77/8f0d0001ffad290cef2f7f216f96c814866248a0b92a722365ed54648e7e/mypy-1.18.2.tar.gz", hash = "sha256:06a398102a5f203d7477b2923dda3634c36727fa5c237d8f859ef90c42a9924b", size = 3448846, upload-time = "2025-09-19T00:11:10.519Z" }
wheels = [
    { url = "https://files.pythonhosted.org/packages/5f/04/7f462e6fbba87a72bc8097b93f6842499c428a6ff0c81dd46948d175afe8/mypy-1.18.2-cp313-cp313-macosx_10_13_x86_64.whl", hash = "sha256:07b8b0f580ca6d289e69209ec9d3911b4a26e5abfde32228a288eb79df129fcc", size = 12898728, upload-time = "2025-09-19T00:10:01.33Z" },
    { url = "https://files.pythonhosted.org/packages/99/5b/61ed4efb64f1871b41fd0b82d29a64640f3516078f6c7905b68ab1ad8b13/mypy-1.18.2-cp313-cp313-macosx_11_0_arm64.whl", hash = "sha256:ed4482847168439651d3feee5833ccedbf6657e964572706a2adb1f7fa4dfe2e", size = 11910758, upload-time = "2025-09-19T00:10:42.607Z" },
    { url = "https://files.pythonhosted.org/packages/3c/46/d297d4b683cc89a6e4108c4250a6a6b717f5fa96e1a30a7944a6da44da35/mypy-1.18.2-cp313-cp313-manylinux2014_aarch64.manylinux_2_17_aarch64.manylinux_2_28_aarch64.whl", hash = "sha256:c3ad2afadd1e9fea5cf99a45a822346971ede8685cc581ed9cd4d42eaf940986", size = 12475342, upload-time = "2025-09-19T00:11:00.371Z" },
    { url = "https://files.pythonhosted.org/packages/83/45/4798f4d00df13eae3bfdf726c9244bcb495ab5bd588c0eed93a2f2dd67f3/mypy-1.18.2-cp313-cp313-manylinux2014_x86_64.manylinux_2_17_x86_64.manylinux_2_28_x86_64.whl", hash = "sha256:a431a6f1ef14cf8c144c6b14793a23ec4eae3db28277c358136e79d7d062f62d", size = 13338709, upload-time = "2025-09-19T00:11:03.358Z" },
    { url = "https://files.pythonhosted.org/packages/d7/09/479f7358d9625172521a87a9271ddd2441e1dab16a09708f056e97007207/mypy-1.18.2-cp313-cp313-musllinux_1_2_x86_64.whl", hash = "sha256:7ab28cc197f1dd77a67e1c6f35cd1f8e8b73ed2217e4fc005f9e6a504e46e7ba", size = 13529806, upload-time = "2025-09-19T00:10:26.073Z" },
    { url = "https://files.pythonhosted.org/packages/71/cf/ac0f2c7e9d0ea3c75cd99dff7aec1c9df4a1376537cb90e4c882267ee7e9/mypy-1.18.2-cp313-cp313-win_amd64.whl", hash = "sha256:0e2785a84b34a72ba55fb5daf079a1003a34c05b22238da94fcae2bbe46f3544", size = 9833262, upload-time = "2025-09-19T00:10:40.035Z" },
    { url = "https://files.pythonhosted.org/packages/5a/0c/7d5300883da16f0063ae53996358758b2a2df2a09c72a5061fa79a1f5006/mypy-1.18.2-cp314-cp314-macosx_10_13_x86_64.whl", hash = "sha256:62f0e1e988ad41c2a110edde6c398383a889d95b36b3e60bcf155f5164c4fdce", size = 12893775, upload-time = "2025-09-19T00:10:03.814Z" },
    { url = "https://files.pythonhosted.org/packages/50/df/2cffbf25737bdb236f60c973edf62e3e7b4ee1c25b6878629e88e2cde967/mypy-1.18.2-cp314-cp314-macosx_11_0_arm64.whl", hash = "sha256:8795a039bab805ff0c1dfdb8cd3344642c2b99b8e439d057aba30850b8d3423d", size = 11936852, upload-time = "2025-09-19T00:10:51.631Z" },
    { url = "https://files.pythonhosted.org/packages/be/50/34059de13dd269227fb4a03be1faee6e2a4b04a2051c82ac0a0b5a773c9a/mypy-1.18.2-cp314-cp314-manylinux2014_aarch64.manylinux_2_17_aarch64.manylinux_2_28_aarch64.whl", hash = "sha256:6ca1e64b24a700ab5ce10133f7ccd956a04715463d30498e64ea8715236f9c9c", size = 12480242, upload-time = "2025-09-19T00:11:07.955Z" },
    { url = "https://files.pythonhosted.org/packages/5b/11/040983fad5132d85914c874a2836252bbc57832065548885b5bb5b0d4359/mypy-1.18.2-cp314-cp314-manylinux2014_x86_64.manylinux_2_17_x86_64.manylinux_2_28_x86_64.whl", hash = "sha256:d924eef3795cc89fecf6bedc6ed32b33ac13e8321344f6ddbf8ee89f706c05cb", size = 13326683, upload-time = "2025-09-19T00:09:55.572Z" },
    { url = "https://files.pythonhosted.org/packages/e9/ba/89b2901dd77414dd7a8c8729985832a5735053be15b744c18e4586e506ef/mypy-1.18.2-cp314-cp314-musllinux_1_2_x86_64.whl", hash = "sha256:20c02215a080e3a2be3aa50506c67242df1c151eaba0dcbc1e4e557922a26075", size = 13514749, upload-time = "2025-09-19T00:10:44.827Z" },
    { url = "https://files.pythonhosted.org/packages/25/bc/cc98767cffd6b2928ba680f3e5bc969c4152bf7c2d83f92f5a504b92b0eb/mypy-1.18.2-cp314-cp314-win_amd64.whl", hash = "sha256:749b5f83198f1ca64345603118a6f01a4e99ad4bf9d103ddc5a3200cc4614adf", size = 9982959, upload-time = "2025-09-19T00:10:37.344Z" },
    { url = "https://files.pythonhosted.org/packages/87/e3/be76d87158ebafa0309946c4a73831974d4d6ab4f4ef40c3b53a385a66fd/mypy-1.18.2-py3-none-any.whl", hash = "sha256:22a1748707dd62b58d2ae53562ffc4d7f8bcc727e8ac7cbc69c053ddc874d47e", size = 2352367, upload-time = "2025-09-19T00:10:15.489Z" },
]

[[package]]
name = "mypy-extensions"
version = "1.0.0"
source = { registry = "https://pypi.org/simple" }
sdist = { url = "https://files.pythonhosted.org/packages/98/a4/1ab47638b92648243faf97a5aeb6ea83059cc3624972ab6b8d2316078d3f/mypy_extensions-1.0.0.tar.gz", hash = "sha256:75dbf8955dc00442a438fc4d0666508a9a97b6bd41aa2f0ffe9d2f2725af0782", size = 4433, upload-time = "2023-02-04T12:11:27.157Z" }
wheels = [
    { url = "https://files.pythonhosted.org/packages/2a/e2/5d3f6ada4297caebe1a2add3b126fe800c96f56dbe5d1988a2cbe0b267aa/mypy_extensions-1.0.0-py3-none-any.whl", hash = "sha256:4392f6c0eb8a5668a69e23d168ffa70f0be9ccfd32b5cc2d26a34ae5b844552d", size = 4695, upload-time = "2023-02-04T12:11:25.002Z" },
]

[[package]]
name = "nodeenv"
version = "1.9.1"
source = { registry = "https://pypi.org/simple" }
sdist = { url = "https://files.pythonhosted.org/packages/43/16/fc88b08840de0e0a72a2f9d8c6bae36be573e475a6326ae854bcc549fc45/nodeenv-1.9.1.tar.gz", hash = "sha256:6ec12890a2dab7946721edbfbcd91f3319c6ccc9aec47be7c7e6b7011ee6645f", size = 47437, upload-time = "2024-06-04T18:44:11.171Z" }
wheels = [
    { url = "https://files.pythonhosted.org/packages/d2/1d/1b658dbd2b9fa9c4c9f32accbfc0205d532c8c6194dc0f2a4c0428e7128a/nodeenv-1.9.1-py2.py3-none-any.whl", hash = "sha256:ba11c9782d29c27c70ffbdda2d7415098754709be8a7056d79a737cd901155c9", size = 22314, upload-time = "2024-06-04T18:44:08.352Z" },
]

[[package]]
name = "pathspec"
version = "0.12.1"
source = { registry = "https://pypi.org/simple" }
sdist = { url = "https://files.pythonhosted.org/packages/ca/bc/f35b8446f4531a7cb215605d100cd88b7ac6f44ab3fc94870c120ab3adbf/pathspec-0.12.1.tar.gz", hash = "sha256:a482d51503a1ab33b1c67a6c3813a26953dbdc71c31dacaef9a838c4e29f5712", size = 51043, upload-time = "2023-12-10T22:30:45Z" }
wheels = [
    { url = "https://files.pythonhosted.org/packages/cc/20/ff623b09d963f88bfde16306a54e12ee5ea43e9b597108672ff3a408aad6/pathspec-0.12.1-py3-none-any.whl", hash = "sha256:a0d503e138a4c123b27490a4f7beda6a01c6f288df0e4a8b79c7eb0dc7b4cc08", size = 31191, upload-time = "2023-12-10T22:30:43.14Z" },
]

[[package]]
name = "pyright"
version = "1.1.405"
source = { registry = "https://pypi.org/simple" }
dependencies = [
    { name = "nodeenv" },
    { name = "typing-extensions" },
]
sdist = { url = "https://files.pythonhosted.org/packages/fb/6c/ba4bbee22e76af700ea593a1d8701e3225080956753bee9750dcc25e2649/pyright-1.1.405.tar.gz", hash = "sha256:5c2a30e1037af27eb463a1cc0b9f6d65fec48478ccf092c1ac28385a15c55763", size = 4068319, upload-time = "2025-09-04T03:37:06.776Z" }
wheels = [
    { url = "https://files.pythonhosted.org/packages/d5/1a/524f832e1ff1962a22a1accc775ca7b143ba2e9f5924bb6749dce566784a/pyright-1.1.405-py3-none-any.whl", hash = "sha256:a2cb13700b5508ce8e5d4546034cb7ea4aedb60215c6c33f56cec7f53996035a", size = 5905038, upload-time = "2025-09-04T03:37:04.913Z" },
]

[[package]]
name = "python-web-scrapper"
version = "0.1.1"
source = { virtual = "." }
dependencies = [
    { name = "beautifulsoup4" },
    { name = "requests" },
    { name = "types-beautifulsoup4" },
    { name = "types-requests" },
]

[package.dev-dependencies]
dev = [
    { name = "mypy" },
    { name = "pyright" },
    { name = "ruff" },
]

[package.metadata]
requires-dist = [
    { name = "beautifulsoup4", specifier = ">=4.13.3" },
    { name = "requests", specifier = ">=2.32.3" },
    { name = "types-beautifulsoup4", specifier = ">=4.12.0.20250204" },
    { name = "types-requests", specifier = ">=2.32.0.20250328" },
]

[package.metadata.requires-dev]
dev = [
    { name = "mypy", specifier = ">=1.18.1" },
    { name = "pyright", specifier = ">=1.1.405" },
    { name = "ruff", specifier = ">=0.13.2" },
]

[[package]]
name = "requests"
version = "2.32.3"
source = { registry = "https://pypi.org/simple" }
dependencies = [
    { name = "certifi" },
    { name = "charset-normalizer" },
    { name = "idna" },
    { name = "urllib3" },
]
sdist = { url = "https://files.pythonhosted.org/packages/63/70/2bf7780ad2d390a8d301ad0b550f1581eadbd9a20f896afe06353c2a2913/requests-2.32.3.tar.gz", hash = "sha256:55365417734eb18255590a9ff9eb97e9e1da868d4ccd6402399eaf68af20a760", size = 131218, upload-time = "2024-05-29T15:37:49.536Z" }
wheels = [
    { url = "https://files.pythonhosted.org/packages/f9/9b/335f9764261e915ed497fcdeb11df5dfd6f7bf257d4a6a2a686d80da4d54/requests-2.32.3-py3-none-any.whl", hash = "sha256:70761cfe03c773ceb22aa2f671b4757976145175cdfca038c02654d061d6dcc6", size = 64928, upload-time = "2024-05-29T15:37:47.027Z" },
]

[[package]]
name = "ruff"
version = "0.13.2"
source = { registry = "https://pypi.org/simple" }
sdist = { url = "https://files.pythonhosted.org/packages/02/df/8d7d8c515d33adfc540e2edf6c6021ea1c5a58a678d8cfce9fae59aabcab/ruff-0.13.2.tar.gz", hash = "sha256:cb12fffd32fb16d32cef4ed16d8c7cdc27ed7c944eaa98d99d01ab7ab0b710ff", size = 5416417, upload-time = "2025-09-25T14:54:09.936Z" }
wheels = [
    { url = "https://files.pythonhosted.org/packages/6e/84/5716a7fa4758e41bf70e603e13637c42cfb9dbf7ceb07180211b9bbf75ef/ruff-0.13.2-py3-none-linux_armv6l.whl", hash = "sha256:3796345842b55f033a78285e4f1641078f902020d8450cade03aad01bffd81c3", size = 12343254, upload-time = "2025-09-25T14:53:27.784Z" },
    { url = "https://files.pythonhosted.org/packages/9b/77/c7042582401bb9ac8eff25360e9335e901d7a1c0749a2b28ba4ecb239991/ruff-0.13.2-py3-none-macosx_10_12_x86_64.whl", hash = "sha256:ff7e4dda12e683e9709ac89e2dd436abf31a4d8a8fc3d89656231ed808e231d2", size = 13040891, upload-time = "2025-09-25T14:53:31.38Z" },
    { url = "https://files.pythonhosted.org/packages/c6/15/125a7f76eb295cb34d19c6778e3a82ace33730ad4e6f28d3427e134a02e0/ruff-0.13.2-py3-none-macosx_11_0_arm64.whl", hash = "sha256:c75e9d2a2fafd1fdd895d0e7e24b44355984affdde1c412a6f6d3f6e16b22d46", size = 12243588, upload-time = "2025-09-25T14:53:33.543Z" },
    { url = "https://files.pythonhosted.org/packages/9e/eb/0093ae04a70f81f8be7fd7ed6456e926b65d238fc122311293d033fdf91e/ruff-0.13.2-py3-none-manylinux_2_17_aarch64.manylinux2014_aarch64.whl", hash = "sha256:cceac74e7bbc53ed7d15d1042ffe7b6577bf294611ad90393bf9b2a0f0ec7cb6", size = 12491359, upload-time = "2025-09-25T14:53:35.892Z" },
    { url = "https://files.pythonhosted.org/packages/43/fe/72b525948a6956f07dad4a6f122336b6a05f2e3fd27471cea612349fedb9/ruff-0.13.2-py3-none-manylinux_2_17_armv7l.manylinux2014_armv7l.whl", hash = "sha256:6ae3f469b5465ba6d9721383ae9d49310c19b452a161b57507764d7ef15f4b07", size = 12162486, upload-time = "2025-09-25T14:53:38.171Z" },
    { url = "https://files.pythonhosted.org/packages/6a/e3/0fac422bbbfb2ea838023e0d9fcf1f30183d83ab2482800e2cb892d02dfe/ruff-0.13.2-py3-none-manylinux_2_17_i686.manylinux2014_i686.whl", hash = "sha256:4f8f9e3cd6714358238cd6626b9d43026ed19c0c018376ac1ef3c3a04ffb42d8", size = 13871203, upload-time = "2025-09-25T14:53:41.943Z" },
    { url = "https://files.pythonhosted.org/packages/6b/82/b721c8e3ec5df6d83ba0e45dcf00892c4f98b325256c42c38ef136496cbf/ruff-0.13.2-py3-none-manylinux_2_17_ppc64.manylinux2014_ppc64.whl", hash = "sha256:c6ed79584a8f6cbe2e5d7dbacf7cc1ee29cbdb5df1172e77fbdadc8bb85a1f89", size = 14929635, upload-time = "2025-09-25T14:53:43.953Z" },
    { url = "https://files.pythonhosted.org/packages/c4/a0/ad56faf6daa507b83079a1ad7a11694b87d61e6bf01c66bd82b466f21821/ruff-0.13.2-py3-none-manylinux_2_17_ppc64le.manylinux2014_ppc64le.whl", hash = "sha256:aed130b2fde049cea2019f55deb939103123cdd191105f97a0599a3e753d61b0", size = 14338783, upload-time = "2025-09-25T14:53:46.205Z" },
    { url = "https://files.pythonhosted.org/packages/47/77/ad1d9156db8f99cd01ee7e29d74b34050e8075a8438e589121fcd25c4b08/ruff-0.13.2-py3-none-manylinux_2_17_s390x.manylinux2014_s390x.whl", hash = "sha256:1887c230c2c9d65ed1b4e4cfe4d255577ea28b718ae226c348ae68df958191aa", size = 13355322, upload-time = "2025-09-25T14:53:48.164Z" },
    { url = "https://files.pythonhosted.org/packages/64/8b/e87cfca2be6f8b9f41f0bb12dc48c6455e2d66df46fe61bb441a226f1089/ruff-0.13.2-py3-none-manylinux_2_17_x86_64.manylinux2014_x86_64.whl", hash = "sha256:5bcb10276b69b3cfea3a102ca119ffe5c6ba3901e20e60cf9efb53fa417633c3", size = 13354427, upload-time = "2025-09-25T14:53:50.486Z" },
    { url = "https://files.pythonhosted.org/packages/7f/df/bf382f3fbead082a575edb860897287f42b1b3c694bafa16bc9904c11ed3/ruff-0.13.2-py3-none-manylinux_2_31_riscv64.whl", hash = "sha256:afa721017aa55a555b2ff7944816587f1cb813c2c0a882d158f59b832da1660d", size = 13537637, upload-time = "2025-09-25T14:53:52.887Z" },
    { url = "https://files.pythonhosted.org/packages/51/70/1fb7a7c8a6fc8bd15636288a46e209e81913b87988f26e1913d0851e54f4/ruff-0.13.2-py3-none-musllinux_1_2_aarch64.whl", hash = "sha256:1dbc875cf3720c64b3990fef8939334e74cb0ca65b8dbc61d1f439201a38101b", size = 12340025, upload-time = "2025-09-25T14:53:54.88Z" },
    { url = "https://files.pythonhosted.org/packages/4c/27/1e5b3f1c23ca5dd4106d9d580e5c13d9acb70288bff614b3d7b638378cc9/ruff-0.13.2-py3-none-musllinux_1_2_armv7l.whl", hash = "sha256:5b939a1b2a960e9742e9a347e5bbc9b3c3d2c716f86c6ae273d9cbd64f193f22", size = 12133449, upload-time = "2025-09-25T14:53:57.089Z" },
    { url = "https://files.pythonhosted.org/packages/2d/09/b92a5ccee289f11ab128df57d5911224197d8d55ef3bd2043534ff72ca54/ruff-0.13.2-py3-none-musllinux_1_2_i686.whl", hash = "sha256:50e2d52acb8de3804fc5f6e2fa3ae9bdc6812410a9e46837e673ad1f90a18736", size = 13051369, upload-time = "2025-09-25T14:53:59.124Z" },
    { url = "https://files.pythonhosted.org/packages/89/99/26c9d1c7d8150f45e346dc045cc49f23e961efceb4a70c47dea0960dea9a/ruff-0.13.2-py3-none-musllinux_1_2_x86_64.whl", hash = "sha256:3196bc13ab2110c176b9a4ae5ff7ab676faaa1964b330a1383ba20e1e19645f2", size = 13523644, upload-time = "2025-09-25T14:54:01.622Z" },
    { url = "https://files.pythonhosted.org/packages/f7/00/e7f1501e81e8ec290e79527827af1d88f541d8d26151751b46108978dade/ruff-0.13.2-py3-none-win32.whl", hash = "sha256:7c2a0b7c1e87795fec3404a485096bcd790216c7c146a922d121d8b9c8f1aaac", size = 12245990, upload-time = "2025-09-25T14:54:03.647Z" },
    { url = "https://files.pythonhosted.org/packages/ee/bd/d9f33a73de84fafd0146c6fba4f497c4565fe8fa8b46874b8e438869abc2/ruff-0.13.2-py3-none-win_amd64.whl", hash = "sha256:17d95fb32218357c89355f6f6f9a804133e404fc1f65694372e02a557edf8585", size = 13324004, upload-time = "2025-09-25T14:54:06.05Z" },
    { url = "https://files.pythonhosted.org/packages/c3/12/28fa2f597a605884deb0f65c1b1ae05111051b2a7030f5d8a4ff7f4599ba/ruff-0.13.2-py3-none-win_arm64.whl", hash = "sha256:da711b14c530412c827219312b7d7fbb4877fb31150083add7e8c5336549cea7", size = 12484437, upload-time = "2025-09-25T14:54:08.022Z" },
]

[[package]]
name = "soupsieve"
version = "2.6"
source = { registry = "https://pypi.org/simple" }
sdist = { url = "https://files.pythonhosted.org/packages/d7/ce/fbaeed4f9fb8b2daa961f90591662df6a86c1abf25c548329a86920aedfb/soupsieve-2.6.tar.gz", hash = "sha256:e2e68417777af359ec65daac1057404a3c8a5455bb8abc36f1a9866ab1a51abb", size = 101569, upload-time = "2024-08-13T13:39:12.166Z" }
wheels = [
    { url = "https://files.pythonhosted.org/packages/d1/c2/fe97d779f3ef3b15f05c94a2f1e3d21732574ed441687474db9d342a7315/soupsieve-2.6-py3-none-any.whl", hash = "sha256:e72c4ff06e4fb6e4b5a9f0f55fe6e81514581fca1515028625d0f299c602ccc9", size = 36186, upload-time = "2024-08-13T13:39:10.986Z" },
]

[[package]]
name = "types-beautifulsoup4"
version = "4.12.0.20250204"
source = { registry = "https://pypi.org/simple" }
dependencies = [
    { name = "types-html5lib" },
]
sdist = { url = "https://files.pythonhosted.org/packages/11/6c/00fd71754ac3babe121c73b52e0de7ec05acd627edcb7ee652223c084d69/types_beautifulsoup4-4.12.0.20250204.tar.gz", hash = "sha256:f083d8edcbd01279f8c3995b56cfff2d01f1bb894c3b502ba118d36fbbc495bf", size = 16641, upload-time = "2025-02-04T02:39:16.241Z" }
wheels = [
    { url = "https://files.pythonhosted.org/packages/b1/ec/9097e9f7f5901e4d7834c7e0bc8f775f9ffa448ae31471457a1ebafeb4c5/types_beautifulsoup4-4.12.0.20250204-py3-none-any.whl", hash = "sha256:57ce9e75717b63c390fd789c787d267a67eb01fa6d800a03b9bdde2e877ed1eb", size = 17061, upload-time = "2025-02-04T02:39:14.559Z" },
]

[[package]]
name = "types-html5lib"
version = "1.1.11.20241018"
source = { registry = "https://pypi.org/simple" }
sdist = { url = "https://files.pythonhosted.org/packages/b6/9d/f6fbcc8246f5e46845b4f989c4e17e6fb3ce572f7065b185e515bf8a3be7/types-html5lib-1.1.11.20241018.tar.gz", hash = "sha256:98042555ff78d9e3a51c77c918b1041acbb7eb6c405408d8a9e150ff5beccafa", size = 11370, upload-time = "2024-10-18T02:44:50.087Z" }
wheels = [
    { url = "https://files.pythonhosted.org/packages/ba/7c/f862b1dc31268ef10fe95b43dcdf216ba21a592fafa2d124445cd6b92e93/types_html5lib-1.1.11.20241018-py3-none-any.whl", hash = "sha256:3f1e064d9ed2c289001ae6392c84c93833abb0816165c6ff0abfc304a779f403", size = 17292, upload-time = "2024-10-18T02:44:48.503Z" },
]

[[package]]
name = "types-requests"
version = "2.32.0.20250328"
source = { registry = "https://pypi.org/simple" }
dependencies = [
    { name = "urllib3" },
]
sdist = { url = "https://files.pythonhosted.org/packages/00/7d/eb174f74e3f5634eaacb38031bbe467dfe2e545bc255e5c90096ec46bc46/types_requests-2.32.0.20250328.tar.gz", hash = "sha256:c9e67228ea103bd811c96984fac36ed2ae8da87a36a633964a21f199d60baf32", size = 22995, upload-time = "2025-03-28T02:55:13.271Z" }
wheels = [
    { url = "https://files.pythonhosted.org/packages/cc/15/3700282a9d4ea3b37044264d3e4d1b1f0095a4ebf860a99914fd544e3be3/types_requests-2.32.0.20250328-py3-none-any.whl", hash = "sha256:72ff80f84b15eb3aa7a8e2625fffb6a93f2ad5a0c20215fc1dcfa61117bcb2a2", size = 20663, upload-time = "2025-03-28T02:55:11.946Z" },
]

[[package]]
name = "typing-extensions"
version = "4.13.0"
source = { registry = "https://pypi.org/simple" }
sdist = { url = "https://files.pythonhosted.org/packages/0e/3e/b00a62db91a83fff600de219b6ea9908e6918664899a2d85db222f4fbf19/typing_extensions-4.13.0.tar.gz", hash = "sha256:0a4ac55a5820789d87e297727d229866c9650f6521b64206413c4fbada24d95b", size = 106520, upload-time = "2025-03-26T03:49:41.628Z" }
wheels = [
    { url = "https://files.pythonhosted.org/packages/e0/86/39b65d676ec5732de17b7e3c476e45bb80ec64eb50737a8dce1a4178aba1/typing_extensions-4.13.0-py3-none-any.whl", hash = "sha256:c8dd92cc0d6425a97c18fbb9d1954e5ff92c1ca881a309c45f06ebc0b79058e5", size = 45683, upload-time = "2025-03-26T03:49:40.35Z" },
]

[[package]]
name = "urllib3"
version = "2.3.0"
source = { registry = "https://pypi.org/simple" }
sdist = { url = "https://files.pythonhosted.org/packages/aa/63/e53da845320b757bf29ef6a9062f5c669fe997973f966045cb019c3f4b66/urllib3-2.3.0.tar.gz", hash = "sha256:f8c5449b3cf0861679ce7e0503c7b44b5ec981bec0d1d3795a07f1ba96f0204d", size = 307268, upload-time = "2024-12-22T07:47:30.032Z" }
wheels = [
    { url = "https://files.pythonhosted.org/packages/c8/19/4ec628951a74043532ca2cf5d97b7b14863931476d117c471e8e2b1eb39f/urllib3-2.3.0-py3-none-any.whl", hash = "sha256:1cee9ad369867bfdbbb48b7dd50374c0967a0bb7710050facf0dd6911440e3df", size = 128369, upload-time = "2024-12-22T07:47:28.074Z" },
]
